
Microsoft Visual Studio Solution File, Format Version 12.00
# Visual Studio Version 17
VisualStudioVersion = 17.3.32901.215
MinimumVisualStudioVersion = 10.0.40219.1
Project("{FAE04EC0-301F-11D3-BF4B-00C04F79EFBC}") = "HolidayEntitlement", "HolidayEntitlement\HolidayEntitlement.csproj", "{F299BFAB-725D-4F38-BB62-CFD011CF28F4}"
EndProject
Global
	GlobalSection(SolutionConfigurationPlatforms) = preSolution
		Debug|Any CPU = Debug|Any CPU
		Release|Any CPU = Release|Any CPU
	EndGlobalSection
	GlobalSection(ProjectConfigurationPlatforms) = postSolution
		{F299BFAB-725D-4F38-BB62-CFD011CF28F4}.Debug|Any CPU.ActiveCfg = Debug|Any CPU
		{F299BFAB-725D-4F38-BB62-CFD011CF28F4}.Debug|Any CPU.Build.0 = Debug|Any CPU
		{F299BFAB-725D-4F38-BB62-CFD011CF28F4}.Release|Any CPU.ActiveCfg = Release|Any CPU
		{F299BFAB-725D-4F38-BB62-CFD011CF28F4}.Release|Any CPU.Build.0 = Release|Any CPU
	EndGlobalSection
	GlobalSection(SolutionProperties) = preSolution
		HideSolutionNode = FALSE
	EndGlobalSection
	GlobalSection(ExtensibilityGlobals) = postSolution
		SolutionGuid = {823AFBF5-214A-44A0-B0AB-468B3C6352F7}
	EndGlobalSection
EndGlobal
